PODS:
  - CalculateCalendarLogic (0.5.0)
  - FSCalendar (2.8.4)

DEPENDENCIES:
  - CalculateCalendarLogic
  - FSCalendar

SPEC REPOS:
  trunk:
    - CalculateCalendarLogic
    - FSCalendar

SPEC CHECKSUMS:
  CalculateCalendarLogic: d14189787cd47766e64281b2686608afea07ae4d
  FSCalendar: 2d1d0d9398f12d439f55c1fe0f01525b151b8260

PODFILE CHECKSUM: a44c6d822a3020f215a222016e8cce85690f3edd

COCOAPODS: 1.11.3
