// !$*UTF8*$!
{
	archiveVersion = 1;
	classes = {
	};
	objectVersion = 55;
	objects = {

/* Begin PBXBuildFile section */
		6234B1C28517460503949B8A /* Pods_tsukuttemanabo.framework in Frameworks */ = {isa = PBXBuildFile; fileRef = B21E215F8C670DF0B98407C5 /* Pods_tsukuttemanabo.framework */; };
		BA6C9F5D2816FFA9004A75F2 /* HealthCheckViewController.swift in Sources */ = {isa = PBXBuildFile; fileRef = BA6C9F5C2816FFA9004A75F2 /* HealthCheckViewController.swift */; };
		D09ED998281178A00052ABEA /* AppDelegate.swift in Sources */ = {isa = PBXBuildFile; fileRef = D09ED997281178A00052ABEA /* AppDelegate.swift */; };
		D09ED99A281178A00052ABEA /* SceneDelegate.swift in Sources */ = {isa = PBXBuildFile; fileRef = D09ED999281178A00052ABEA /* SceneDelegate.swift */; };
		D09ED99C281178A00052ABEA /* ViewController.swift in Sources */ = {isa = PBXBuildFile; fileRef = D09ED99B281178A00052ABEA /* ViewController.swift */; };
		D09ED99F281178A00052ABEA /* Main.storyboard in Resources */ = {isa = PBXBuildFile; fileRef = D09ED99D281178A00052ABEA /* Main.storyboard */; };
		D09ED9A1281178A80052ABEA /* Assets.xcassets in Resources */ = {isa = PBXBuildFile; fileRef = D09ED9A0281178A80052ABEA /* Assets.xcassets */; };
		D09ED9A4281178A80052ABEA /* LaunchScreen.storyboard in Resources */ = {isa = PBXBuildFile; fileRef = D09ED9A2281178A80052ABEA /* LaunchScreen.storyboard */; };
		D09ED9AC2811791B0052ABEA /* Colors.swift in Sources */ = {isa = PBXBuildFile; fileRef = D09ED9AB2811791B0052ABEA /* Colors.swift */; };
		D09ED9AE281574770052ABEA /* Entity.swift in Sources */ = {isa = PBXBuildFile; fileRef = D09ED9AD281574770052ABEA /* Entity.swift */; };
		D09ED9B0281575480052ABEA /* API.swift in Sources */ = {isa = PBXBuildFile; fileRef = D09ED9AF281575480052ABEA /* API.swift */; };
		D09ED9B228196C4B0052ABEA /* ChartViewController.swift in Sources */ = {isa = PBXBuildFile; fileRef = D09ED9B128196C4B0052ABEA /* ChartViewController.swift */; };
/* End PBXBuildFile section */

/* Begin PBXFileReference section */
		3589FB77420FE0CCB01C199D /* Pods-tsukuttemanabo.debug.xcconfig */ = {isa = PBXFileReference; includeInIndex = 1; lastKnownFileType = text.xcconfig; name = "Pods-tsukuttemanabo.debug.xcconfig"; path = "Target Support Files/Pods-tsukuttemanabo/Pods-tsukuttemanabo.debug.xcconfig"; sourceTree = "<group>"; };
		4DF07998234F59C1EBC1CA56 /* Pods-tsukuttemanabo.release.xcconfig */ = {isa = PBXFileReference; includeInIndex = 1; lastKnownFileType = text.xcconfig; name = "Pods-tsukuttemanabo.release.xcconfig"; path = "Target Support Files/Pods-tsukuttemanabo/Pods-tsukuttemanabo.release.xcconfig"; sourceTree = "<group>"; };
		B21E215F8C670DF0B98407C5 /* Pods_tsukuttemanabo.framework */ = {isa = PBXFileReference; explicitFileType = wrapper.framework; includeInIndex = 0; path = Pods_tsukuttemanabo.framework; sourceTree = BUILT_PRODUCTS_DIR; };
		BA6C9F5C2816FFA9004A75F2 /* HealthCheckViewController.swift */ = {isa = PBXFileReference; lastKnownFileType = sourcecode.swift; path = HealthCheckViewController.swift; sourceTree = "<group>"; };
		D09ED994281178A00052ABEA /* tsukuttemanabo.app */ = {isa = PBXFileReference; explicitFileType = wrapper.application; includeInIndex = 0; path = tsukuttemanabo.app; sourceTree = BUILT_PRODUCTS_DIR; };
		D09ED997281178A00052ABEA /* AppDelegate.swift */ = {isa = PBXFileReference; lastKnownFileType = sourcecode.swift; path = AppDelegate.swift; sourceTree = "<group>"; };
		D09ED999281178A00052ABEA /* SceneDelegate.swift */ = {isa = PBXFileReference; lastKnownFileType = sourcecode.swift; path = SceneDelegate.swift; sourceTree = "<group>"; };
		D09ED99B281178A00052ABEA /* ViewController.swift */ = {isa = PBXFileReference; lastKnownFileType = sourcecode.swift; path = ViewController.swift; sourceTree = "<group>"; };
		D09ED99E281178A00052ABEA /* Base */ = {isa = PBXFileReference; lastKnownFileType = file.storyboard; name = Base; path = Base.lproj/Main.storyboard; sourceTree = "<group>"; };
		D09ED9A0281178A80052ABEA /* Assets.xcassets */ = {isa = PBXFileReference; lastKnownFileType = folder.assetcatalog; path = Assets.xcassets; sourceTree = "<group>"; };
		D09ED9A3281178A80052ABEA /* Base */ = {isa = PBXFileReference; lastKnownFileType = file.storyboard; name = Base; path = Base.lproj/LaunchScreen.storyboard; sourceTree = "<group>"; };
		D09ED9A5281178A80052ABEA /* Info.plist */ = {isa = PBXFileReference; lastKnownFileType = text.plist.xml; path = Info.plist; sourceTree = "<group>"; };
		D09ED9AB2811791B0052ABEA /* Colors.swift */ = {isa = PBXFileReference; lastKnownFileType = sourcecode.swift; path = Colors.swift; sourceTree = "<group>"; };
		D09ED9AD281574770052ABEA /* Entity.swift */ = {isa = PBXFileReference; lastKnownFileType = sourcecode.swift; path = Entity.swift; sourceTree = "<group>"; };
		D09ED9AF281575480052ABEA /* API.swift */ = {isa = PBXFileReference; lastKnownFileType = sourcecode.swift; path = API.swift; sourceTree = "<group>"; };
		D09ED9B128196C4B0052ABEA /* ChartViewController.swift */ = {isa = PBXFileReference; lastKnownFileType = sourcecode.swift; path = ChartViewController.swift; sourceTree = "<group>"; };
/* End PBXFileReference section */

/* Begin PBXFrameworksBuildPhase section */
		D09ED991281178A00052ABEA /* Frameworks */ = {
			isa = PBXFrameworksBuildPhase;
			buildActionMask = 2147483647;
			files = (
				6234B1C28517460503949B8A /* Pods_tsukuttemanabo.framework in Frameworks */,
			);
			runOnlyForDeploymentPostprocessing = 0;
		};
/* End PBXFrameworksBuildPhase section */

/* Begin PBXGroup section */
		09848311DB5BA5D9C034E921 /* Pods */ = {
			isa = PBXGroup;
			children = (
				3589FB77420FE0CCB01C199D /* Pods-tsukuttemanabo.debug.xcconfig */,
				4DF07998234F59C1EBC1CA56 /* Pods-tsukuttemanabo.release.xcconfig */,
			);
			path = Pods;
			sourceTree = "<group>";
		};
		0CD8395824391C08504C8B37 /* Frameworks */ = {
			isa = PBXGroup;
			children = (
				B21E215F8C670DF0B98407C5 /* Pods_tsukuttemanabo.framework */,
			);
			name = Frameworks;
			sourceTree = "<group>";
		};
		D09ED98B281178A00052ABEA = {
			isa = PBXGroup;
			children = (
				D09ED9AB2811791B0052ABEA /* Colors.swift */,
				D09ED996281178A00052ABEA /* tsukuttemanabo */,
				D09ED995281178A00052ABEA /* Products */,
				09848311DB5BA5D9C034E921 /* Pods */,
				0CD8395824391C08504C8B37 /* Frameworks */,
			);
			sourceTree = "<group>";
		};
		D09ED995281178A00052ABEA /* Products */ = {
			isa = PBXGroup;
			children = (
				D09ED994281178A00052ABEA /* tsukuttemanabo.app */,
			);
			name = Products;
			sourceTree = "<group>";
		};
		D09ED996281178A00052ABEA /* tsukuttemanabo */ = {
			isa = PBXGroup;
			children = (
				D09ED997281178A00052ABEA /* AppDelegate.swift */,
				D09ED999281178A00052ABEA /* SceneDelegate.swift */,
				D09ED99B281178A00052ABEA /* ViewController.swift */,
				BA6C9F5C2816FFA9004A75F2 /* HealthCheckViewController.swift */,
				D09ED9B128196C4B0052ABEA /* ChartViewController.swift */,
				D09ED9AD281574770052ABEA /* Entity.swift */,
				D09ED9AF281575480052ABEA /* API.swift */,
				D09ED99D281178A00052ABEA /* Main.storyboard */,
				D09ED9A0281178A80052ABEA /* Assets.xcassets */,
				D09ED9A2281178A80052ABEA /* LaunchScreen.storyboard */,
				D09ED9A5281178A80052ABEA /* Info.plist */,
			);
			path = tsukuttemanabo;
			sourceTree = "<group>";
		};
/* End PBXGroup section */

/* Begin PBXNativeTarget section */
		D09ED993281178A00052ABEA /* tsukuttemanabo */ = {
			isa = PBXNativeTarget;
			buildConfigurationList = D09ED9A8281178A80052ABEA /* Build configuration list for PBXNativeTarget "tsukuttemanabo" */;
			buildPhases = (
				33076A120E39D0B947121A4A /* [CP] Check Pods Manifest.lock */,
				D09ED990281178A00052ABEA /* Sources */,
				D09ED991281178A00052ABEA /* Frameworks */,
				D09ED992281178A00052ABEA /* Resources */,
				74E4EB3E3F3664B03B5DC5DE /* [CP] Embed Pods Frameworks */,
			);
			buildRules = (
			);
			dependencies = (
			);
			name = tsukuttemanabo;
			productName = tsukuttemanabo;
			productReference = D09ED994281178A00052ABEA /* tsukuttemanabo.app */;
			productType = "com.apple.product-type.application";
		};
/* End PBXNativeTarget section */

/* Begin PBXProject section */
		D09ED98C281178A00052ABEA /* Project object */ = {
			isa = PBXProject;
			attributes = {
				BuildIndependentTargetsInParallel = 1;
				LastSwiftUpdateCheck = 1330;
				LastUpgradeCheck = 1330;
				TargetAttributes = {
					D09ED993281178A00052ABEA = {
						CreatedOnToolsVersion = 13.3;
					};
				};
			};
			buildConfigurationList = D09ED98F281178A00052ABEA /* Build configuration list for PBXProject "tsukuttemanabo" */;
			compatibilityVersion = "Xcode 13.0";
			developmentRegion = en;
			hasScannedForEncodings = 0;
			knownRegions = (
				en,
				Base,
			);
			mainGroup = D09ED98B281178A00052ABEA;
			productRefGroup = D09ED995281178A00052ABEA /* Products */;
			projectDirPath = "";
			projectRoot = "";
			targets = (
				D09ED993281178A00052ABEA /* tsukuttemanabo */,
			);
		};
/* End PBXProject section */

/* Begin PBXResourcesBuildPhase section */
		D09ED992281178A00052ABEA /* Resources */ = {
			isa = PBXResourcesBuildPhase;
			buildActionMask = 2147483647;
			files = (
				D09ED9A4281178A80052ABEA /* LaunchScreen.storyboard in Resources */,
				D09ED9A1281178A80052ABEA /* Assets.xcassets in Resources */,
				D09ED99F281178A00052ABEA /* Main.storyboard in Resources */,
			);
			runOnlyForDeploymentPostprocessing = 0;
		};
/* End PBXResourcesBuildPhase section */

/* Begin PBXShellScriptBuildPhase section */
		33076A120E39D0B947121A4A /* [CP] Check Pods Manifest.lock */ = {
			isa = PBXShellScriptBuildPhase;
			buildActionMask = 2147483647;
			files = (
			);
			inputFileListPaths = (
			);
			inputPaths = (
				"${PODS_PODFILE_DIR_PATH}/Podfile.lock",
				"${PODS_ROOT}/Manifest.lock",
			);
			name = "[CP] Check Pods Manifest.lock";
			outputFileListPaths = (
			);
			outputPaths = (
				"$(DERIVED_FILE_DIR)/Pods-tsukuttemanabo-checkManifestLockResult.txt",
			);
			runOnlyForDeploymentPostprocessing = 0;
			shellPath = /bin/sh;
			shellScript = "diff \"${PODS_PODFILE_DIR_PATH}/Podfile.lock\" \"${PODS_ROOT}/Manifest.lock\" > /dev/null\nif [ $? != 0 ] ; then\n    # print error to STDERR\n    echo \"error: The sandbox is not in sync with the Podfile.lock. Run 'pod install' or update your CocoaPods installation.\" >&2\n    exit 1\nfi\n# This output is used by Xcode 'outputs' to avoid re-running this script phase.\necho \"SUCCESS\" > \"${SCRIPT_OUTPUT_FILE_0}\"\n";
			showEnvVarsInLog = 0;
		};
		74E4EB3E3F3664B03B5DC5DE /* [CP] Embed Pods Frameworks */ = {
			isa = PBXShellScriptBuildPhase;
			buildActionMask = 2147483647;
			files = (
			);
			inputFileListPaths = (
				"${PODS_ROOT}/Target Support Files/Pods-tsukuttemanabo/Pods-tsukuttemanabo-frameworks-${CONFIGURATION}-input-files.xcfilelist",
			);
			name = "[CP] Embed Pods Frameworks";
			outputFileListPaths = (
				"${PODS_ROOT}/Target Support Files/Pods-tsukuttemanabo/Pods-tsukuttemanabo-frameworks-${CONFIGURATION}-output-files.xcfilelist",
			);
			runOnlyForDeploymentPostprocessing = 0;
			shellPath = /bin/sh;
			shellScript = "\"${PODS_ROOT}/Target Support Files/Pods-tsukuttemanabo/Pods-tsukuttemanabo-frameworks.sh\"\n";
			showEnvVarsInLog = 0;
		};
/* End PBXShellScriptBuildPhase section */

/* Begin PBXSourcesBuildPhase section */
		D09ED990281178A00052ABEA /* Sources */ = {
			isa = PBXSourcesBuildPhase;
			buildActionMask = 2147483647;
			files = (
				D09ED99C281178A00052ABEA /* ViewController.swift in Sources */,
				D09ED9AE281574770052ABEA /* Entity.swift in Sources */,
				BA6C9F5D2816FFA9004A75F2 /* HealthCheckViewController.swift in Sources */,
				D09ED9AC2811791B0052ABEA /* Colors.swift in Sources */,
				D09ED998281178A00052ABEA /* AppDelegate.swift in Sources */,
				D09ED9B228196C4B0052ABEA /* ChartViewController.swift in Sources */,
				D09ED9B0281575480052ABEA /* API.swift in Sources */,
				D09ED99A281178A00052ABEA /* SceneDelegate.swift in Sources */,
			);
			runOnlyForDeploymentPostprocessing = 0;
		};
/* End PBXSourcesBuildPhase section */

/* Begin PBXVariantGroup section */
		D09ED99D281178A00052ABEA /* Main.storyboard */ = {
			isa = PBXVariantGroup;
			children = (
				D09ED99E281178A00052ABEA /* Base */,
			);
			name = Main.storyboard;
			sourceTree = "<group>";
		};
		D09ED9A2281178A80052ABEA /* LaunchScreen.storyboard */ = {
			isa = PBXVariantGroup;
			children = (
				D09ED9A3281178A80052ABEA /* Base */,
			);
			name = LaunchScreen.storyboard;
			sourceTree = "<group>";
		};
/* End PBXVariantGroup section */

/* Begin XCBuildConfiguration section */
		D09ED9A6281178A80052ABEA /* Debug */ = {
			isa = XCBuildConfiguration;
			buildSettings = {
				ALWAYS_SEARCH_USER_PATHS = NO;
				CLANG_ANALYZER_NONNULL = YES;
				CLANG_ANALYZER_NUMBER_OBJECT_CONVERSION = YES_AGGRESSIVE;
				CLANG_CXX_LANGUAGE_STANDARD = "gnu++17";
				CLANG_ENABLE_MODULES = YES;
				CLANG_ENABLE_OBJC_ARC = YES;
				CLANG_ENABLE_OBJC_WEAK = YES;
				CLANG_WARN_BLOCK_CAPTURE_AUTORELEASING = YES;
				CLANG_WARN_BOOL_CONVERSION = YES;
				CLANG_WARN_COMMA = YES;
				CLANG_WARN_CONSTANT_CONVERSION = YES;
				CLANG_WARN_DEPRECATED_OBJC_IMPLEMENTATIONS = YES;
				CLANG_WARN_DIRECT_OBJC_ISA_USAGE = YES_ERROR;
				CLANG_WARN_DOCUMENTATION_COMMENTS = YES;
				CLANG_WARN_EMPTY_BODY = YES;
				CLANG_WARN_ENUM_CONVERSION = YES;
				CLANG_WARN_INFINITE_RECURSION = YES;
				CLANG_WARN_INT_CONVERSION = YES;
				CLANG_WARN_NON_LITERAL_NULL_CONVERSION = YES;
				CLANG_WARN_OBJC_IMPLICIT_RETAIN_SELF = YES;
				CLANG_WARN_OBJC_LITERAL_CONVERSION = YES;
				CLANG_WARN_OBJC_ROOT_CLASS = YES_ERROR;
				CLANG_WARN_QUOTED_INCLUDE_IN_FRAMEWORK_HEADER = YES;
				CLANG_WARN_RANGE_LOOP_ANALYSIS = YES;
				CLANG_WARN_STRICT_PROTOTYPES = YES;
				CLANG_WARN_SUSPICIOUS_MOVE = YES;
				CLANG_WARN_UNGUARDED_AVAILABILITY = YES_AGGRESSIVE;
				CLANG_WARN_UNREACHABLE_CODE = YES;
				CLANG_WARN__DUPLICATE_METHOD_MATCH = YES;
				COPY_PHASE_STRIP = NO;
				DEBUG_INFORMATION_FORMAT = dwarf;
				ENABLE_STRICT_OBJC_MSGSEND = YES;
				ENABLE_TESTABILITY = YES;
				GCC_C_LANGUAGE_STANDARD = gnu11;
				GCC_DYNAMIC_NO_PIC = NO;
				GCC_NO_COMMON_BLOCKS = YES;
				GCC_OPTIMIZATION_LEVEL = 0;
				GCC_PREPROCESSOR_DEFINITIONS = (
					"DEBUG=1",
					"$(inherited)",
				);
				GCC_WARN_64_TO_32_BIT_CONVERSION = YES;
				GCC_WARN_ABOUT_RETURN_TYPE = YES_ERROR;
				GCC_WARN_UNDECLARED_SELECTOR = YES;
				GCC_WARN_UNINITIALIZED_AUTOS = YES_AGGRESSIVE;
				GCC_WARN_UNUSED_FUNCTION = YES;
				GCC_WARN_UNUSED_VARIABLE = YES;
				IPHONEOS_DEPLOYMENT_TARGET = 15.4;
				MTL_ENABLE_DEBUG_INFO = INCLUDE_SOURCE;
				MTL_FAST_MATH = YES;
				ONLY_ACTIVE_ARCH = YES;
				SDKROOT = iphoneos;
				SWIFT_ACTIVE_COMPILATION_CONDITIONS = DEBUG;
				SWIFT_OPTIMIZATION_LEVEL = "-Onone";
			};
			name = Debug;
		};
		D09ED9A7281178A80052ABEA /* Release */ = {
			isa = XCBuildConfiguration;
			buildSettings = {
				ALWAYS_SEARCH_USER_PATHS = NO;
				CLANG_ANALYZER_NONNULL = YES;
				CLANG_ANALYZER_NUMBER_OBJECT_CONVERSION = YES_AGGRESSIVE;
				CLANG_CXX_LANGUAGE_STANDARD = "gnu++17";
				CLANG_ENABLE_MODULES = YES;
				CLANG_ENABLE_OBJC_ARC = YES;
				CLANG_ENABLE_OBJC_WEAK = YES;
				CLANG_WARN_BLOCK_CAPTURE_AUTORELEASING = YES;
				CLANG_WARN_BOOL_CONVERSION = YES;
				CLANG_WARN_COMMA = YES;
				CLANG_WARN_CONSTANT_CONVERSION = YES;
				CLANG_WARN_DEPRECATED_OBJC_IMPLEMENTATIONS = YES;
				CLANG_WARN_DIRECT_OBJC_ISA_USAGE = YES_ERROR;
				CLANG_WARN_DOCUMENTATION_COMMENTS = YES;
				CLANG_WARN_EMPTY_BODY = YES;
				CLANG_WARN_ENUM_CONVERSION = YES;
				CLANG_WARN_INFINITE_RECURSION = YES;
				CLANG_WARN_INT_CONVERSION = YES;
				CLANG_WARN_NON_LITERAL_NULL_CONVERSION = YES;
				CLANG_WARN_OBJC_IMPLICIT_RETAIN_SELF = YES;
				CLANG_WARN_OBJC_LITERAL_CONVERSION = YES;
				CLANG_WARN_OBJC_ROOT_CLASS = YES_ERROR;
				CLANG_WARN_QUOTED_INCLUDE_IN_FRAMEWORK_HEADER = YES;
				CLANG_WARN_RANGE_LOOP_ANALYSIS = YES;
				CLANG_WARN_STRICT_PROTOTYPES = YES;
				CLANG_WARN_SUSPICIOUS_MOVE = YES;
				CLANG_WARN_UNGUARDED_AVAILABILITY = YES_AGGRESSIVE;
				CLANG_WARN_UNREACHABLE_CODE = YES;
				CLANG_WARN__DUPLICATE_METHOD_MATCH = YES;
				COPY_PHASE_STRIP = NO;
				DEBUG_INFORMATION_FORMAT = "dwarf-with-dsym";
				ENABLE_NS_ASSERTIONS = NO;
				ENABLE_STRICT_OBJC_MSGSEND = YES;
				GCC_C_LANGUAGE_STANDARD = gnu11;
				GCC_NO_COMMON_BLOCKS = YES;
				GCC_WARN_64_TO_32_BIT_CONVERSION = YES;
				GCC_WARN_ABOUT_RETURN_TYPE = YES_ERROR;
				GCC_WARN_UNDECLARED_SELECTOR = YES;
				GCC_WARN_UNINITIALIZED_AUTOS = YES_AGGRESSIVE;
				GCC_WARN_UNUSED_FUNCTION = YES;
				GCC_WARN_UNUSED_VARIABLE = YES;
				IPHONEOS_DEPLOYMENT_TARGET = 15.4;
				MTL_ENABLE_DEBUG_INFO = NO;
				MTL_FAST_MATH = YES;
				SDKROOT = iphoneos;
				SWIFT_COMPILATION_MODE = wholemodule;
				SWIFT_OPTIMIZATION_LEVEL = "-O";
				VALIDATE_PRODUCT = YES;
			};
			name = Release;
		};
		D09ED9A9281178A80052ABEA /* Debug */ = {
			isa = XCBuildConfiguration;
			baseConfigurationReference = 3589FB77420FE0CCB01C199D /* Pods-tsukuttemanabo.debug.xcconfig */;
			buildSettings = {
				ASSETCATALOG_COMPILER_APPICON_NAME = AppIcon;
				ASSETCATALOG_COMPILER_GLOBAL_ACCENT_COLOR_NAME = AccentColor;
				CODE_SIGN_STYLE = Automatic;
				CURRENT_PROJECT_VERSION = 1;
				DEVELOPMENT_TEAM = 692NPJ8NS9;
				GENERATE_INFOPLIST_FILE = YES;
				INFOPLIST_FILE = tsukuttemanabo/Info.plist;
				INFOPLIST_KEY_UIApplicationSupportsIndirectInputEvents = YES;
				INFOPLIST_KEY_UILaunchStoryboardName = LaunchScreen;
				INFOPLIST_KEY_UIMainStoryboardFile = Main;
				INFOPLIST_KEY_UISupportedInterfaceOrientations_iPad = "UIInterfaceOrientationPortrait UIInterfaceOrientationPortraitUpsideDown UIInterfaceOrientationLandscapeLeft UIInterfaceOrientationLandscapeRight";
				INFOPLIST_KEY_UISupportedInterfaceOrientations_iPhone = "UIInterfaceOrientationPortrait UIInterfaceOrientationLandscapeLeft UIInterfaceOrientationLandscapeRight";
				LD_RUNPATH_SEARCH_PATHS = (
					"$(inherited)",
					"@executable_path/Frameworks",
				);
				MARKETING_VERSION = 1.0;
				PRODUCT_BUNDLE_IDENTIFIER = com.gmail.parsleybory.tsukuttemanabo;
				PRODUCT_NAME = "$(TARGET_NAME)";
				SWIFT_EMIT_LOC_STRINGS = YES;
				SWIFT_VERSION = 5.0;
				TARGETED_DEVICE_FAMILY = "1,2";
			};
			name = Debug;
		};
		D09ED9AA281178A80052ABEA /* Release */ = {
			isa = XCBuildConfiguration;
			baseConfigurationReference = 4DF07998234F59C1EBC1CA56 /* Pods-tsukuttemanabo.release.xcconfig */;
			buildSettings = {
				ASSETCATALOG_COMPILER_APPICON_NAME = AppIcon;
				ASSETCATALOG_COMPILER_GLOBAL_ACCENT_COLOR_NAME = AccentColor;
				CODE_SIGN_STYLE = Automatic;
				CURRENT_PROJECT_VERSION = 1;
				DEVELOPMENT_TEAM = 692NPJ8NS9;
				GENERATE_INFOPLIST_FILE = YES;
				INFOPLIST_FILE = tsukuttemanabo/Info.plist;
				INFOPLIST_KEY_UIApplicationSupportsIndirectInputEvents = YES;
				INFOPLIST_KEY_UILaunchStoryboardName = LaunchScreen;
				INFOPLIST_KEY_UIMainStoryboardFile = Main;
				INFOPLIST_KEY_UISupportedInterfaceOrientations_iPad = "UIInterfaceOrientationPortrait UIInterfaceOrientationPortraitUpsideDown UIInterfaceOrientationLandscapeLeft UIInterfaceOrientationLandscapeRight";
				INFOPLIST_KEY_UISupportedInterfaceOrientations_iPhone = "UIInterfaceOrientationPortrait UIInterfaceOrientationLandscapeLeft UIInterfaceOrientationLandscapeRight";
				LD_RUNPATH_SEARCH_PATHS = (
					"$(inherited)",
					"@executable_path/Frameworks",
				);
				MARKETING_VERSION = 1.0;
				PRODUCT_BUNDLE_IDENTIFIER = com.gmail.parsleybory.tsukuttemanabo;
				PRODUCT_NAME = "$(TARGET_NAME)";
				SWIFT_EMIT_LOC_STRINGS = YES;
				SWIFT_VERSION = 5.0;
				TARGETED_DEVICE_FAMILY = "1,2";
			};
			name = Release;
		};
/* End XCBuildConfiguration section */

/* Begin XCConfigurationList section */
		D09ED98F281178A00052ABEA /* Build configuration list for PBXProject "tsukuttemanabo" */ = {
			isa = XCConfigurationList;
			buildConfigurations = (
				D09ED9A6281178A80052ABEA /* Debug */,
				D09ED9A7281178A80052ABEA /* Release */,
			);
			defaultConfigurationIsVisible = 0;
			defaultConfigurationName = Release;
		};
		D09ED9A8281178A80052ABEA /* Build configuration list for PBXNativeTarget "tsukuttemanabo" */ = {
			isa = XCConfigurationList;
			buildConfigurations = (
				D09ED9A9281178A80052ABEA /* Debug */,
				D09ED9AA281178A80052ABEA /* Release */,
			);
			defaultConfigurationIsVisible = 0;
			defaultConfigurationName = Release;
		};
/* End XCConfigurationList section */
	};
	rootObject = D09ED98C281178A00052ABEA /* Project object */;
}
